PODS:
  - Bolts (1.1.1)
  - Facebook-iOS-SDK (3.16.2):
    - Bolts
  - FatSecretKit (0.0.2):
    - SVHTTPRequest (~> 0.3)
  - Parse (1.2.19):
    - Facebook-iOS-SDK (~> 3.11)
  - SVHTTPRequest (0.5)

DEPENDENCIES:
  - FatSecretKit
  - Parse (~> 1.2)

SPEC CHECKSUMS:
  Bolts: 0ca796081c3e7c139bd86d6903c27f1b83036a5d
  Facebook-iOS-SDK: 34eef640c2cc4c8618ba0f574ad2b290e07f1b4e
  FatSecretKit: d45ee7899b737c04c536a85a827cde80b918d493
  Parse: ffebaecaddd32cb52671010f81567c298ff93d04
  SVHTTPRequest: 4fdeb78b1900f0c58409bd4930d07d051fce0160

COCOAPODS: 0.32.1
